<?xml version="1.0" encoding="UTF-8" standalone="yes" ?>
<CodeBlocks_project_file>
	<FileVersion major="1" minor="6" />
	<Project>
		<Option title="go" />
		<Option pch_mode="2" />
		<Option compiler="gcc" />
		<Build>
			<Target title="Debug">
				<Option output="bin/Debug/go" prefix_auto="1" extension_auto="1" />
				<Option object_output="obj/Debug/" />
				<Option type="1" />
				<Option compiler="gcc" />
				<Compiler>
					<Add option="-g" />
					<Add option="`pkg-config --cflags --libs gtk+-3.0`" />
				</Compiler>
				<Linker>
					<Add option="`pkg-config --cflags --libs gtk+-3.0`" />
				</Linker>
			</Target>
			<Target title="Release">
				<Option output="bin/Release/go" prefix_auto="1" extension_auto="1" />
				<Option object_output="obj/Release/" />
				<Option type="1" />
				<Option compiler="gcc" />
				<Compiler>
					<Add option="-O2" />
				</Compiler>
				<Linker>
					<Add option="-s" />
				</Linker>
			</Target>
		</Build>
		<Compiler>
			<Add option="-Wall" />
		</Compiler>
		<Unit filename="README.md" />
		<Unit filename="club" />
		<Unit filename="controller.c">
			<Option compilerVar="CC" />
		</Unit>
		<Unit filename="controller.h" />
		<Unit filename="datastruct.c">
			<Option compilerVar="CC" />
		</Unit>
		<Unit filename="datastruct.h" />
		<Unit filename="dynamicArray.c">
			<Option compilerVar="CC" />
		</Unit>
		<Unit filename="dynamicArray.h" />
		<Unit filename="file.c">
			<Option compilerVar="CC" />
		</Unit>
		<Unit filename="file.h" />
		<Unit filename="game" />
		<Unit filename="main.c">
			<Option compilerVar="CC" />
		</Unit>
		<Unit filename="note" />
		<Unit filename="player" />
		<Unit filename="statistics.c">
			<Option compilerVar="CC" />
		</Unit>
		<Unit filename="statistics.h" />
		<Unit filename="view.c">
			<Option compilerVar="CC" />
		</Unit>
		<Unit filename="view.h" />
		<Extensions>
			<code_completion />
			<envvars />
			<debugger />
		</Extensions>
	</Project>
</CodeBlocks_project_file>
